
Microsoft Visual Studio Solution File, Format Version 12.00
# Visual Studio 15
VisualStudioVersion = 15.0.28307.438
MinimumVisualStudioVersion = 10.0.40219.1
Project("{FAE04EC0-301F-11D3-BF4B-00C04F79EFBC}") = "Divisas.Android", "Divisas\Divisas.Android\Divisas.Android.csproj", "{5FF77D66-4A33-4C0A-B98C-08EFE95C7FA7}"
EndProject
Project("{FAE04EC0-301F-11D3-BF4B-00C04F79EFBC}") = "Divisas.iOS", "Divisas\Divisas.iOS\Divisas.iOS.csproj", "{DA32409D-E95F-4976-B5E2-7EAAFAA443AA}"
EndProject
Project("{FAE04EC0-301F-11D3-BF4B-00C04F79EFBC}") = "Divisas.UWP", "Divisas\Divisas.UWP\Divisas.UWP.csproj", "{520A7D07-6DCD-4B15-B0D9-6336A8446CAA}"
EndProject
Project("{FAE04EC0-301F-11D3-BF4B-00C04F79EFBC}") = "Divisas", "Divisas\Divisas\Divisas.csproj", "{6B3A428C-DA57-495B-B0FA-C7D2E0D2E40B}"
EndProject
Global
	GlobalSection(SolutionConfigurationPlatforms) = preSolution
		Ad-Hoc|Any CPU = Ad-Hoc|Any CPU
		Ad-Hoc|ARM = Ad-Hoc|ARM
		Ad-Hoc|iPhone = Ad-Hoc|iPhone
		Ad-Hoc|iPhoneSimulator = Ad-Hoc|iPhoneSimulator
		Ad-Hoc|x64 = Ad-Hoc|x64
		Ad-Hoc|x86 = Ad-Hoc|x86
		AppStore|Any CPU = AppStore|Any CPU
		AppStore|ARM = AppStore|ARM
		AppStore|iPhone = AppStore|iPhone
		AppStore|iPhoneSimulator = AppStore|iPhoneSimulator
		AppStore|x64 = AppStore|x64
		AppStore|x86 = AppStore|x86
		Debug|Any CPU = Debug|Any CPU
		Debug|ARM = Debug|ARM
		Debug|iPhone = Debug|iPhone
		Debug|iPhoneSimulator = Debug|iPhoneSimulator
		Debug|x64 = Debug|x64
		Debug|x86 = Debug|x86
		Release|Any CPU = Release|Any CPU
		Release|ARM = Release|ARM
		Release|iPhone = Release|iPhone
		Release|iPhoneSimulator = Release|iPhoneSimulator
		Release|x64 = Release|x64
		Release|x86 = Release|x86
	EndGlobalSection
	GlobalSection(ProjectConfigurationPlatforms) = postSolution
		{5FF77D66-4A33-4C0A-B98C-08EFE95C7FA7}.Ad-Hoc|Any CPU.ActiveCfg = Release|Any CPU
		{5FF77D66-4A33-4C0A-B98C-08EFE95C7FA7}.Ad-Hoc|Any CPU.Build.0 = Release|Any CPU
		{5FF77D66-4A33-4C0A-B98C-08EFE95C7FA7}.Ad-Hoc|Any CPU.Deploy.0 = Release|Any CPU
		{5FF77D66-4A33-4C0A-B98C-08EFE95C7FA7}.Ad-Hoc|ARM.ActiveCfg = Release|Any CPU
		{5FF77D66-4A33-4C0A-B98C-08EFE95C7FA7}.Ad-Hoc|ARM.Build.0 = Release|Any CPU
		{5FF77D66-4A33-4C0A-B98C-08EFE95C7FA7}.Ad-Hoc|ARM.Deploy.0 = Release|Any CPU
		{5FF77D66-4A33-4C0A-B98C-08EFE95C7FA7}.Ad-Hoc|iPhone.ActiveCfg = Release|Any CPU
		{5FF77D66-4A33-4C0A-B98C-08EFE95C7FA7}.Ad-Hoc|iPhone.Build.0 = Release|Any CPU
		{5FF77D66-4A33-4C0A-B98C-08EFE95C7FA7}.Ad-Hoc|iPhone.Deploy.0 = Release|Any CPU
		{5FF77D66-4A33-4C0A-B98C-08EFE95C7FA7}.Ad-Hoc|iPhoneSimulator.ActiveCfg = Release|Any CPU
		{5FF77D66-4A33-4C0A-B98C-08EFE95C7FA7}.Ad-Hoc|iPhoneSimulator.Build.0 = Release|Any CPU
		{5FF77D66-4A33-4C0A-B98C-08EFE95C7FA7}.Ad-Hoc|iPhoneSimulator.Deploy.0 = Release|Any CPU
		{5FF77D66-4A33-4C0A-B98C-08EFE95C7FA7}.Ad-Hoc|x64.ActiveCfg = Release|Any CPU
		{5FF77D66-4A33-4C0A-B98C-08EFE95C7FA7}.Ad-Hoc|x64.Build.0 = Release|Any CPU
		{5FF77D66-4A33-4C0A-B98C-08EFE95C7FA7}.Ad-Hoc|x64.Deploy.0 = Release|Any CPU
		{5FF77D66-4A33-4C0A-B98C-08EFE95C7FA7}.Ad-Hoc|x86.ActiveCfg = Release|Any CPU
		{5FF77D66-4A33-4C0A-B98C-08EFE95C7FA7}.Ad-Hoc|x86.Build.0 = Release|Any CPU
		{5FF77D66-4A33-4C0A-B98C-08EFE95C7FA7}.Ad-Hoc|x86.Deploy.0 = Release|Any CPU
		{5FF77D66-4A33-4C0A-B98C-08EFE95C7FA7}.AppStore|Any CPU.ActiveCfg = Release|Any CPU
		{5FF77D66-4A33-4C0A-B98C-08EFE95C7FA7}.AppStore|Any CPU.Build.0 = Release|Any CPU
		{5FF77D66-4A33-4C0A-B98C-08EFE95C7FA7}.AppStore|Any CPU.Deploy.0 = Release|Any CPU
		{5FF77D66-4A33-4C0A-B98C-08EFE95C7FA7}.AppStore|ARM.ActiveCfg = Release|Any CPU
		{5FF77D66-4A33-4C0A-B98C-08EFE95C7FA7}.AppStore|ARM.Build.0 = Release|Any CPU
		{5FF77D66-4A33-4C0A-B98C-08EFE95C7FA7}.AppStore|ARM.Deploy.0 = Release|Any CPU
		{5FF77D66-4A33-4C0A-B98C-08EFE95C7FA7}.AppStore|iPhone.ActiveCfg = Release|Any CPU
		{5FF77D66-4A33-4C0A-B98C-08EFE95C7FA7}.AppStore|iPhone.Build.0 = Release|Any CPU
		{5FF77D66-4A33-4C0A-B98C-08EFE95C7FA7}.AppStore|iPhone.Deploy.0 = Release|Any CPU
		{5FF77D66-4A33-4C0A-B98C-08EFE95C7FA7}.AppStore|iPhoneSimulator.ActiveCfg = Release|Any CPU
		{5FF77D66-4A33-4C0A-B98C-08EFE95C7FA7}.AppStore|iPhoneSimulator.Build.0 = Release|Any CPU
		{5FF77D66-4A33-4C0A-B98C-08EFE95C7FA7}.AppStore|iPhoneSimulator.Deploy.0 = Release|Any CPU
		{5FF77D66-4A33-4C0A-B98C-08EFE95C7FA7}.AppStore|x64.ActiveCfg = Release|Any CPU
		{5FF77D66-4A33-4C0A-B98C-08EFE95C7FA7}.AppStore|x64.Build.0 = Release|Any CPU
		{5FF77D66-4A33-4C0A-B98C-08EFE95C7FA7}.AppStore|x64.Deploy.0 = Release|Any CPU
		{5FF77D66-4A33-4C0A-B98C-08EFE95C7FA7}.AppStore|x86.ActiveCfg = Release|Any CPU
		{5FF77D66-4A33-4C0A-B98C-08EFE95C7FA7}.AppStore|x86.Build.0 = Release|Any CPU
		{5FF77D66-4A33-4C0A-B98C-08EFE95C7FA7}.AppStore|x86.Deploy.0 = Release|Any CPU
		{5FF77D66-4A33-4C0A-B98C-08EFE95C7FA7}.Debug|Any CPU.ActiveCfg = Debug|Any CPU
		{5FF77D66-4A33-4C0A-B98C-08EFE95C7FA7}.Debug|Any CPU.Build.0 = Debug|Any CPU
		{5FF77D66-4A33-4C0A-B98C-08EFE95C7FA7}.Debug|Any CPU.Deploy.0 = Debug|Any CPU
		{5FF77D66-4A33-4C0A-B98C-08EFE95C7FA7}.Debug|ARM.ActiveCfg = Debug|Any CPU
		{5FF77D66-4A33-4C0A-B98C-08EFE95C7FA7}.Debug|ARM.Build.0 = Debug|Any CPU
		{5FF77D66-4A33-4C0A-B98C-08EFE95C7FA7}.Debug|ARM.Deploy.0 = Debug|Any CPU
		{5FF77D66-4A33-4C0A-B98C-08EFE95C7FA7}.Debug|iPhone.ActiveCfg = Debug|Any CPU
		{5FF77D66-4A33-4C0A-B98C-08EFE95C7FA7}.Debug|iPhone.Build.0 = Debug|Any CPU
		{5FF77D66-4A33-4C0A-B98C-08EFE95C7FA7}.Debug|iPhone.Deploy.0 = Debug|Any CPU
		{5FF77D66-4A33-4C0A-B98C-08EFE95C7FA7}.Debug|iPhoneSimulator.ActiveCfg = Debug|Any CPU
		{5FF77D66-4A33-4C0A-B98C-08EFE95C7FA7}.Debug|iPhoneSimulator.Build.0 = Debug|Any CPU
		{5FF77D66-4A33-4C0A-B98C-08EFE95C7FA7}.Debug|iPhoneSimulator.Deploy.0 = Debug|Any CPU
		{5FF77D66-4A33-4C0A-B98C-08EFE95C7FA7}.Debug|x64.ActiveCfg = Debug|Any CPU
		{5FF77D66-4A33-4C0A-B98C-08EFE95C7FA7}.Debug|x64.Build.0 = Debug|Any CPU
		{5FF77D66-4A33-4C0A-B98C-08EFE95C7FA7}.Debug|x64.Deploy.0 = Debug|Any CPU
		{5FF77D66-4A33-4C0A-B98C-08EFE95C7FA7}.Debug|x86.ActiveCfg = Debug|Any CPU
		{5FF77D66-4A33-4C0A-B98C-08EFE95C7FA7}.Debug|x86.Build.0 = Debug|Any CPU
		{5FF77D66-4A33-4C0A-B98C-08EFE95C7FA7}.Debug|x86.Deploy.0 = Debug|Any CPU
		{5FF77D66-4A33-4C0A-B98C-08EFE95C7FA7}.Release|Any CPU.ActiveCfg = Release|Any CPU
		{5FF77D66-4A33-4C0A-B98C-08EFE95C7FA7}.Release|Any CPU.Build.0 = Release|Any CPU
		{5FF77D66-4A33-4C0A-B98C-08EFE95C7FA7}.Release|Any CPU.Deploy.0 = Release|Any CPU
		{5FF77D66-4A33-4C0A-B98C-08EFE95C7FA7}.Release|ARM.ActiveCfg = Release|Any CPU
		{5FF77D66-4A33-4C0A-B98C-08EFE95C7FA7}.Release|ARM.Build.0 = Release|Any CPU
		{5FF77D66-4A33-4C0A-B98C-08EFE95C7FA7}.Release|ARM.Deploy.0 = Release|Any CPU
		{5FF77D66-4A33-4C0A-B98C-08EFE95C7FA7}.Release|iPhone.ActiveCfg = Release|Any CPU
		{5FF77D66-4A33-4C0A-B98C-08EFE95C7FA7}.Release|iPhone.Build.0 = Release|Any CPU
		{5FF77D66-4A33-4C0A-B98C-08EFE95C7FA7}.Release|iPhone.Deploy.0 = Release|Any CPU
		{5FF77D66-4A33-4C0A-B98C-08EFE95C7FA7}.Release|iPhoneSimulator.ActiveCfg = Release|Any CPU
		{5FF77D66-4A33-4C0A-B98C-08EFE95C7FA7}.Release|iPhoneSimulator.Build.0 = Release|Any CPU
		{5FF77D66-4A33-4C0A-B98C-08EFE95C7FA7}.Release|iPhoneSimulator.Deploy.0 = Release|Any CPU
		{5FF77D66-4A33-4C0A-B98C-08EFE95C7FA7}.Release|x64.ActiveCfg = Release|Any CPU
		{5FF77D66-4A33-4C0A-B98C-08EFE95C7FA7}.Release|x64.Build.0 = Release|Any CPU
		{5FF77D66-4A33-4C0A-B98C-08EFE95C7FA7}.Release|x64.Deploy.0 = Release|Any CPU
		{5FF77D66-4A33-4C0A-B98C-08EFE95C7FA7}.Release|x86.ActiveCfg = Release|Any CPU
		{5FF77D66-4A33-4C0A-B98C-08EFE95C7FA7}.Release|x86.Build.0 = Release|Any CPU
		{5FF77D66-4A33-4C0A-B98C-08EFE95C7FA7}.Release|x86.Deploy.0 = Release|Any CPU
		{DA32409D-E95F-4976-B5E2-7EAAFAA443AA}.Ad-Hoc|Any CPU.ActiveCfg = Ad-Hoc|iPhone
		{DA32409D-E95F-4976-B5E2-7EAAFAA443AA}.Ad-Hoc|Any CPU.Build.0 = Ad-Hoc|iPhone
		{DA32409D-E95F-4976-B5E2-7EAAFAA443AA}.Ad-Hoc|Any CPU.Deploy.0 = Ad-Hoc|iPhone
		{DA32409D-E95F-4976-B5E2-7EAAFAA443AA}.Ad-Hoc|ARM.ActiveCfg = Ad-Hoc|iPhone
		{DA32409D-E95F-4976-B5E2-7EAAFAA443AA}.Ad-Hoc|ARM.Build.0 = Ad-Hoc|iPhone
		{DA32409D-E95F-4976-B5E2-7EAAFAA443AA}.Ad-Hoc|ARM.Deploy.0 = Ad-Hoc|iPhone
		{DA32409D-E95F-4976-B5E2-7EAAFAA443AA}.Ad-Hoc|iPhone.ActiveCfg = Ad-Hoc|iPhone
		{DA32409D-E95F-4976-B5E2-7EAAFAA443AA}.Ad-Hoc|iPhone.Build.0 = Ad-Hoc|iPhone
		{DA32409D-E95F-4976-B5E2-7EAAFAA443AA}.Ad-Hoc|iPhone.Deploy.0 = Ad-Hoc|iPhone
		{DA32409D-E95F-4976-B5E2-7EAAFAA443AA}.Ad-Hoc|iPhoneSimulator.ActiveCfg = Ad-Hoc|iPhoneSimulator
		{DA32409D-E95F-4976-B5E2-7EAAFAA443AA}.Ad-Hoc|iPhoneSimulator.Build.0 = Ad-Hoc|iPhoneSimulator
		{DA32409D-E95F-4976-B5E2-7EAAFAA443AA}.Ad-Hoc|iPhoneSimulator.Deploy.0 = Ad-Hoc|iPhoneSimulator
		{DA32409D-E95F-4976-B5E2-7EAAFAA443AA}.Ad-Hoc|x64.ActiveCfg = Ad-Hoc|iPhone
		{DA32409D-E95F-4976-B5E2-7EAAFAA443AA}.Ad-Hoc|x64.Build.0 = Ad-Hoc|iPhone
		{DA32409D-E95F-4976-B5E2-7EAAFAA443AA}.Ad-Hoc|x64.Deploy.0 = Ad-Hoc|iPhone
		{DA32409D-E95F-4976-B5E2-7EAAFAA443AA}.Ad-Hoc|x86.ActiveCfg = Ad-Hoc|iPhone
		{DA32409D-E95F-4976-B5E2-7EAAFAA443AA}.Ad-Hoc|x86.Build.0 = Ad-Hoc|iPhone
		{DA32409D-E95F-4976-B5E2-7EAAFAA443AA}.Ad-Hoc|x86.Deploy.0 = Ad-Hoc|iPhone
		{DA32409D-E95F-4976-B5E2-7EAAFAA443AA}.AppStore|Any CPU.ActiveCfg = AppStore|iPhone
		{DA32409D-E95F-4976-B5E2-7EAAFAA443AA}.AppStore|Any CPU.Build.0 = AppStore|iPhone
		{DA32409D-E95F-4976-B5E2-7EAAFAA443AA}.AppStore|Any CPU.Deploy.0 = AppStore|iPhone
		{DA32409D-E95F-4976-B5E2-7EAAFAA443AA}.AppStore|ARM.ActiveCfg = AppStore|iPhone
		{DA32409D-E95F-4976-B5E2-7EAAFAA443AA}.AppStore|ARM.Build.0 = AppStore|iPhone
		{DA32409D-E95F-4976-B5E2-7EAAFAA443AA}.AppStore|ARM.Deploy.0 = AppStore|iPhone
		{DA32409D-E95F-4976-B5E2-7EAAFAA443AA}.AppStore|iPhone.ActiveCfg = AppStore|iPhone
		{DA32409D-E95F-4976-B5E2-7EAAFAA443AA}.AppStore|iPhone.Build.0 = AppStore|iPhone
		{DA32409D-E95F-4976-B5E2-7EAAFAA443AA}.AppStore|iPhone.Deploy.0 = AppStore|iPhone
		{DA32409D-E95F-4976-B5E2-7EAAFAA443AA}.AppStore|iPhoneSimulator.ActiveCfg = AppStore|iPhoneSimulator
		{DA32409D-E95F-4976-B5E2-7EAAFAA443AA}.AppStore|iPhoneSimulator.Build.0 = AppStore|iPhoneSimulator
		{DA32409D-E95F-4976-B5E2-7EAAFAA443AA}.AppStore|iPhoneSimulator.Deploy.0 = AppStore|iPhoneSimulator
		{DA32409D-E95F-4976-B5E2-7EAAFAA443AA}.AppStore|x64.ActiveCfg = AppStore|iPhone
		{DA32409D-E95F-4976-B5E2-7EAAFAA443AA}.AppStore|x64.Build.0 = AppStore|iPhone
		{DA32409D-E95F-4976-B5E2-7EAAFAA443AA}.AppStore|x64.Deploy.0 = AppStore|iPhone
		{DA32409D-E95F-4976-B5E2-7EAAFAA443AA}.AppStore|x86.ActiveCfg = AppStore|iPhone
		{DA32409D-E95F-4976-B5E2-7EAAFAA443AA}.AppStore|x86.Build.0 = AppStore|iPhone
		{DA32409D-E95F-4976-B5E2-7EAAFAA443AA}.AppStore|x86.Deploy.0 = AppStore|iPhone
		{DA32409D-E95F-4976-B5E2-7EAAFAA443AA}.Debug|Any CPU.ActiveCfg = Debug|iPhoneSimulator
		{DA32409D-E95F-4976-B5E2-7EAAFAA443AA}.Debug|Any CPU.Build.0 = Debug|iPhoneSimulator
		{DA32409D-E95F-4976-B5E2-7EAAFAA443AA}.Debug|Any CPU.Deploy.0 = Debug|iPhoneSimulator
		{DA32409D-E95F-4976-B5E2-7EAAFAA443AA}.Debug|ARM.ActiveCfg = Debug|iPhone
		{DA32409D-E95F-4976-B5E2-7EAAFAA443AA}.Debug|ARM.Build.0 = Debug|iPhone
		{DA32409D-E95F-4976-B5E2-7EAAFAA443AA}.Debug|ARM.Deploy.0 = Debug|iPhone
		{DA32409D-E95F-4976-B5E2-7EAAFAA443AA}.Debug|iPhone.ActiveCfg = Debug|iPhone
		{DA32409D-E95F-4976-B5E2-7EAAFAA443AA}.Debug|iPhone.Build.0 = Debug|iPhone
		{DA32409D-E95F-4976-B5E2-7EAAFAA443AA}.Debug|iPhone.Deploy.0 = Debug|iPhone
		{DA32409D-E95F-4976-B5E2-7EAAFAA443AA}.Debug|iPhoneSimulator.ActiveCfg = Debug|iPhoneSimulator
		{DA32409D-E95F-4976-B5E2-7EAAFAA443AA}.Debug|iPhoneSimulator.Build.0 = Debug|iPhoneSimulator
		{DA32409D-E95F-4976-B5E2-7EAAFAA443AA}.Debug|iPhoneSimulator.Deploy.0 = Debug|iPhoneSimulator
		{DA32409D-E95F-4976-B5E2-7EAAFAA443AA}.Debug|x64.ActiveCfg = Debug|iPhone
		{DA32409D-E95F-4976-B5E2-7EAAFAA443AA}.Debug|x64.Build.0 = Debug|iPhone
		{DA32409D-E95F-4976-B5E2-7EAAFAA443AA}.Debug|x64.Deploy.0 = Debug|iPhone
		{DA32409D-E95F-4976-B5E2-7EAAFAA443AA}.Debug|x86.ActiveCfg = Debug|iPhone
		{DA32409D-E95F-4976-B5E2-7EAAFAA443AA}.Debug|x86.Build.0 = Debug|iPhone
		{DA32409D-E95F-4976-B5E2-7EAAFAA443AA}.Debug|x86.Deploy.0 = Debug|iPhone
		{DA32409D-E95F-4976-B5E2-7EAAFAA443AA}.Release|Any CPU.ActiveCfg = Release|iPhone
		{DA32409D-E95F-4976-B5E2-7EAAFAA443AA}.Release|Any CPU.Build.0 = Release|iPhone
		{DA32409D-E95F-4976-B5E2-7EAAFAA443AA}.Release|Any CPU.Deploy.0 = Release|iPhone
		{DA32409D-E95F-4976-B5E2-7EAAFAA443AA}.Release|ARM.ActiveCfg = Release|iPhone
		{DA32409D-E95F-4976-B5E2-7EAAFAA443AA}.Release|ARM.Build.0 = Release|iPhone
		{DA32409D-E95F-4976-B5E2-7EAAFAA443AA}.Release|ARM.Deploy.0 = Release|iPhone
		{DA32409D-E95F-4976-B5E2-7EAAFAA443AA}.Release|iPhone.ActiveCfg = Release|iPhone
		{DA32409D-E95F-4976-B5E2-7EAAFAA443AA}.Release|iPhone.Build.0 = Release|iPhone
		{DA32409D-E95F-4976-B5E2-7EAAFAA443AA}.Release|iPhone.Deploy.0 = Release|iPhone
		{DA32409D-E95F-4976-B5E2-7EAAFAA443AA}.Release|iPhoneSimulator.ActiveCfg = Release|iPhoneSimulator
		{DA32409D-E95F-4976-B5E2-7EAAFAA443AA}.Release|iPhoneSimulator.Build.0 = Release|iPhoneSimulator
		{DA32409D-E95F-4976-B5E2-7EAAFAA443AA}.Release|iPhoneSimulator.Deploy.0 = Release|iPhoneSimulator
		{DA32409D-E95F-4976-B5E2-7EAAFAA443AA}.Release|x64.ActiveCfg = Release|iPhone
		{DA32409D-E95F-4976-B5E2-7EAAFAA443AA}.Release|x64.Build.0 = Release|iPhone
		{DA32409D-E95F-4976-B5E2-7EAAFAA443AA}.Release|x64.Deploy.0 = Release|iPhone
		{DA32409D-E95F-4976-B5E2-7EAAFAA443AA}.Release|x86.ActiveCfg = Release|iPhone
		{DA32409D-E95F-4976-B5E2-7EAAFAA443AA}.Release|x86.Build.0 = Release|iPhone
		{DA32409D-E95F-4976-B5E2-7EAAFAA443AA}.Release|x86.Deploy.0 = Release|iPhone
		{520A7D07-6DCD-4B15-B0D9-6336A8446CAA}.Ad-Hoc|Any CPU.ActiveCfg = Release|x86
		{520A7D07-6DCD-4B15-B0D9-6336A8446CAA}.Ad-Hoc|Any CPU.Build.0 = Release|x86
		{520A7D07-6DCD-4B15-B0D9-6336A8446CAA}.Ad-Hoc|Any CPU.Deploy.0 = Release|x86
		{520A7D07-6DCD-4B15-B0D9-6336A8446CAA}.Ad-Hoc|ARM.ActiveCfg = Release|ARM
		{520A7D07-6DCD-4B15-B0D9-6336A8446CAA}.Ad-Hoc|ARM.Build.0 = Release|ARM
		{520A7D07-6DCD-4B15-B0D9-6336A8446CAA}.Ad-Hoc|ARM.Deploy.0 = Release|ARM
		{520A7D07-6DCD-4B15-B0D9-6336A8446CAA}.Ad-Hoc|iPhone.ActiveCfg = Release|x86
		{520A7D07-6DCD-4B15-B0D9-6336A8446CAA}.Ad-Hoc|iPhone.Build.0 = Release|x86
		{520A7D07-6DCD-4B15-B0D9-6336A8446CAA}.Ad-Hoc|iPhone.Deploy.0 = Release|x86
		{520A7D07-6DCD-4B15-B0D9-6336A8446CAA}.Ad-Hoc|iPhoneSimulator.ActiveCfg = Release|x86
		{520A7D07-6DCD-4B15-B0D9-6336A8446CAA}.Ad-Hoc|iPhoneSimulator.Build.0 = Release|x86
		{520A7D07-6DCD-4B15-B0D9-6336A8446CAA}.Ad-Hoc|iPhoneSimulator.Deploy.0 = Release|x86
		{520A7D07-6DCD-4B15-B0D9-6336A8446CAA}.Ad-Hoc|x64.ActiveCfg = Release|x64
		{520A7D07-6DCD-4B15-B0D9-6336A8446CAA}.Ad-Hoc|x64.Build.0 = Release|x64
		{520A7D07-6DCD-4B15-B0D9-6336A8446CAA}.Ad-Hoc|x64.Deploy.0 = Release|x64
		{520A7D07-6DCD-4B15-B0D9-6336A8446CAA}.Ad-Hoc|x86.ActiveCfg = Release|x86
		{520A7D07-6DCD-4B15-B0D9-6336A8446CAA}.Ad-Hoc|x86.Build.0 = Release|x86
		{520A7D07-6DCD-4B15-B0D9-6336A8446CAA}.Ad-Hoc|x86.Deploy.0 = Release|x86
		{520A7D07-6DCD-4B15-B0D9-6336A8446CAA}.AppStore|Any CPU.ActiveCfg = Release|x86
		{520A7D07-6DCD-4B15-B0D9-6336A8446CAA}.AppStore|Any CPU.Build.0 = Release|x86
		{520A7D07-6DCD-4B15-B0D9-6336A8446CAA}.AppStore|Any CPU.Deploy.0 = Release|x86
		{520A7D07-6DCD-4B15-B0D9-6336A8446CAA}.AppStore|ARM.ActiveCfg = Release|ARM
		{520A7D07-6DCD-4B15-B0D9-6336A8446CAA}.AppStore|ARM.Build.0 = Release|ARM
		{520A7D07-6DCD-4B15-B0D9-6336A8446CAA}.AppStore|ARM.Deploy.0 = Release|ARM
		{520A7D07-6DCD-4B15-B0D9-6336A8446CAA}.AppStore|iPhone.ActiveCfg = Release|x86
		{520A7D07-6DCD-4B15-B0D9-6336A8446CAA}.AppStore|iPhone.Build.0 = Release|x86
		{520A7D07-6DCD-4B15-B0D9-6336A8446CAA}.AppStore|iPhone.Deploy.0 = Release|x86
		{520A7D07-6DCD-4B15-B0D9-6336A8446CAA}.AppStore|iPhoneSimulator.ActiveCfg = Release|x86
		{520A7D07-6DCD-4B15-B0D9-6336A8446CAA}.AppStore|iPhoneSimulator.Build.0 = Release|x86
		{520A7D07-6DCD-4B15-B0D9-6336A8446CAA}.AppStore|iPhoneSimulator.Deploy.0 = Release|x86
		{520A7D07-6DCD-4B15-B0D9-6336A8446CAA}.AppStore|x64.ActiveCfg = Release|x64
		{520A7D07-6DCD-4B15-B0D9-6336A8446CAA}.AppStore|x64.Build.0 = Release|x64
		{520A7D07-6DCD-4B15-B0D9-6336A8446CAA}.AppStore|x64.Deploy.0 = Release|x64
		{520A7D07-6DCD-4B15-B0D9-6336A8446CAA}.AppStore|x86.ActiveCfg = Release|x86
		{520A7D07-6DCD-4B15-B0D9-6336A8446CAA}.AppStore|x86.Build.0 = Release|x86
		{520A7D07-6DCD-4B15-B0D9-6336A8446CAA}.AppStore|x86.Deploy.0 = Release|x86
		{520A7D07-6DCD-4B15-B0D9-6336A8446CAA}.Debug|Any CPU.ActiveCfg = Debug|x86
		{520A7D07-6DCD-4B15-B0D9-6336A8446CAA}.Debug|Any CPU.Build.0 = Debug|x86
		{520A7D07-6DCD-4B15-B0D9-6336A8446CAA}.Debug|Any CPU.Deploy.0 = Debug|x86
		{520A7D07-6DCD-4B15-B0D9-6336A8446CAA}.Debug|ARM.ActiveCfg = Debug|ARM
		{520A7D07-6DCD-4B15-B0D9-6336A8446CAA}.Debug|ARM.Build.0 = Debug|ARM
		{520A7D07-6DCD-4B15-B0D9-6336A8446CAA}.Debug|ARM.Deploy.0 = Debug|ARM
		{520A7D07-6DCD-4B15-B0D9-6336A8446CAA}.Debug|iPhone.ActiveCfg = Debug|x86
		{520A7D07-6DCD-4B15-B0D9-6336A8446CAA}.Debug|iPhone.Build.0 = Debug|x86
		{520A7D07-6DCD-4B15-B0D9-6336A8446CAA}.Debug|iPhone.Deploy.0 = Debug|x86
		{520A7D07-6DCD-4B15-B0D9-6336A8446CAA}.Debug|iPhoneSimulator.ActiveCfg = Debug|x86
		{520A7D07-6DCD-4B15-B0D9-6336A8446CAA}.Debug|iPhoneSimulator.Build.0 = Debug|x86
		{520A7D07-6DCD-4B15-B0D9-6336A8446CAA}.Debug|iPhoneSimulator.Deploy.0 = Debug|x86
		{520A7D07-6DCD-4B15-B0D9-6336A8446CAA}.Debug|x64.ActiveCfg = Debug|x64
		{520A7D07-6DCD-4B15-B0D9-6336A8446CAA}.Debug|x64.Build.0 = Debug|x64
		{520A7D07-6DCD-4B15-B0D9-6336A8446CAA}.Debug|x64.Deploy.0 = Debug|x64
		{520A7D07-6DCD-4B15-B0D9-6336A8446CAA}.Debug|x86.ActiveCfg = Debug|x86
		{520A7D07-6DCD-4B15-B0D9-6336A8446CAA}.Debug|x86.Build.0 = Debug|x86
		{520A7D07-6DCD-4B15-B0D9-6336A8446CAA}.Debug|x86.Deploy.0 = Debug|x86
		{520A7D07-6DCD-4B15-B0D9-6336A8446CAA}.Release|Any CPU.ActiveCfg = Release|x86
		{520A7D07-6DCD-4B15-B0D9-6336A8446CAA}.Release|Any CPU.Build.0 = Release|x86
		{520A7D07-6DCD-4B15-B0D9-6336A8446CAA}.Release|Any CPU.Deploy.0 = Release|x86
		{520A7D07-6DCD-4B15-B0D9-6336A8446CAA}.Release|ARM.ActiveCfg = Release|ARM
		{520A7D07-6DCD-4B15-B0D9-6336A8446CAA}.Release|ARM.Build.0 = Release|ARM
		{520A7D07-6DCD-4B15-B0D9-6336A8446CAA}.Release|ARM.Deploy.0 = Release|ARM
		{520A7D07-6DCD-4B15-B0D9-6336A8446CAA}.Release|iPhone.ActiveCfg = Release|x86
		{520A7D07-6DCD-4B15-B0D9-6336A8446CAA}.Release|iPhone.Build.0 = Release|x86
		{520A7D07-6DCD-4B15-B0D9-6336A8446CAA}.Release|iPhone.Deploy.0 = Release|x86
		{520A7D07-6DCD-4B15-B0D9-6336A8446CAA}.Release|iPhoneSimulator.ActiveCfg = Release|x86
		{520A7D07-6DCD-4B15-B0D9-6336A8446CAA}.Release|iPhoneSimulator.Build.0 = Release|x86
		{520A7D07-6DCD-4B15-B0D9-6336A8446CAA}.Release|iPhoneSimulator.Deploy.0 = Release|x86
		{520A7D07-6DCD-4B15-B0D9-6336A8446CAA}.Release|x64.ActiveCfg = Release|x64
		{520A7D07-6DCD-4B15-B0D9-6336A8446CAA}.Release|x64.Build.0 = Release|x64
		{520A7D07-6DCD-4B15-B0D9-6336A8446CAA}.Release|x64.Deploy.0 = Release|x64
		{520A7D07-6DCD-4B15-B0D9-6336A8446CAA}.Release|x86.ActiveCfg = Release|x86
		{520A7D07-6DCD-4B15-B0D9-6336A8446CAA}.Release|x86.Build.0 = Release|x86
		{520A7D07-6DCD-4B15-B0D9-6336A8446CAA}.Release|x86.Deploy.0 = Release|x86
		{6B3A428C-DA57-495B-B0FA-C7D2E0D2E40B}.Ad-Hoc|Any CPU.ActiveCfg = Debug|Any CPU
		{6B3A428C-DA57-495B-B0FA-C7D2E0D2E40B}.Ad-Hoc|Any CPU.Build.0 = Debug|Any CPU
		{6B3A428C-DA57-495B-B0FA-C7D2E0D2E40B}.Ad-Hoc|Any CPU.Deploy.0 = Debug|Any CPU
		{6B3A428C-DA57-495B-B0FA-C7D2E0D2E40B}.Ad-Hoc|ARM.ActiveCfg = Debug|Any CPU
		{6B3A428C-DA57-495B-B0FA-C7D2E0D2E40B}.Ad-Hoc|ARM.Build.0 = Debug|Any CPU
		{6B3A428C-DA57-495B-B0FA-C7D2E0D2E40B}.Ad-Hoc|ARM.Deploy.0 = Debug|Any CPU
		{6B3A428C-DA57-495B-B0FA-C7D2E0D2E40B}.Ad-Hoc|iPhone.ActiveCfg = Debug|Any CPU
		{6B3A428C-DA57-495B-B0FA-C7D2E0D2E40B}.Ad-Hoc|iPhone.Build.0 = Debug|Any CPU
		{6B3A428C-DA57-495B-B0FA-C7D2E0D2E40B}.Ad-Hoc|iPhone.Deploy.0 = Debug|Any CPU
		{6B3A428C-DA57-495B-B0FA-C7D2E0D2E40B}.Ad-Hoc|iPhoneSimulator.ActiveCfg = Debug|Any CPU
		{6B3A428C-DA57-495B-B0FA-C7D2E0D2E40B}.Ad-Hoc|iPhoneSimulator.Build.0 = Debug|Any CPU
		{6B3A428C-DA57-495B-B0FA-C7D2E0D2E40B}.Ad-Hoc|iPhoneSimulator.Deploy.0 = Debug|Any CPU
		{6B3A428C-DA57-495B-B0FA-C7D2E0D2E40B}.Ad-Hoc|x64.ActiveCfg = Debug|Any CPU
		{6B3A428C-DA57-495B-B0FA-C7D2E0D2E40B}.Ad-Hoc|x64.Build.0 = Debug|Any CPU
		{6B3A428C-DA57-495B-B0FA-C7D2E0D2E40B}.Ad-Hoc|x64.Deploy.0 = Debug|Any CPU
		{6B3A428C-DA57-495B-B0FA-C7D2E0D2E40B}.Ad-Hoc|x86.ActiveCfg = Debug|Any CPU
		{6B3A428C-DA57-495B-B0FA-C7D2E0D2E40B}.Ad-Hoc|x86.Build.0 = Debug|Any CPU
		{6B3A428C-DA57-495B-B0FA-C7D2E0D2E40B}.Ad-Hoc|x86.Deploy.0 = Debug|Any CPU
		{6B3A428C-DA57-495B-B0FA-C7D2E0D2E40B}.AppStore|Any CPU.ActiveCfg = Debug|Any CPU
		{6B3A428C-DA57-495B-B0FA-C7D2E0D2E40B}.AppStore|Any CPU.Build.0 = Debug|Any CPU
		{6B3A428C-DA57-495B-B0FA-C7D2E0D2E40B}.AppStore|Any CPU.Deploy.0 = Debug|Any CPU
		{6B3A428C-DA57-495B-B0FA-C7D2E0D2E40B}.AppStore|ARM.ActiveCfg = Debug|Any CPU
		{6B3A428C-DA57-495B-B0FA-C7D2E0D2E40B}.AppStore|ARM.Build.0 = Debug|Any CPU
		{6B3A428C-DA57-495B-B0FA-C7D2E0D2E40B}.AppStore|ARM.Deploy.0 = Debug|Any CPU
		{6B3A428C-DA57-495B-B0FA-C7D2E0D2E40B}.AppStore|iPhone.ActiveCfg = Debug|Any CPU
		{6B3A428C-DA57-495B-B0FA-C7D2E0D2E40B}.AppStore|iPhone.Build.0 = Debug|Any CPU
		{6B3A428C-DA57-495B-B0FA-C7D2E0D2E40B}.AppStore|iPhone.Deploy.0 = Debug|Any CPU
		{6B3A428C-DA57-495B-B0FA-C7D2E0D2E40B}.AppStore|iPhoneSimulator.ActiveCfg = Debug|Any CPU
		{6B3A428C-DA57-495B-B0FA-C7D2E0D2E40B}.AppStore|iPhoneSimulator.Build.0 = Debug|Any CPU
		{6B3A428C-DA57-495B-B0FA-C7D2E0D2E40B}.AppStore|iPhoneSimulator.Deploy.0 = Debug|Any CPU
		{6B3A428C-DA57-495B-B0FA-C7D2E0D2E40B}.AppStore|x64.ActiveCfg = Debug|Any CPU
		{6B3A428C-DA57-495B-B0FA-C7D2E0D2E40B}.AppStore|x64.Build.0 = Debug|Any CPU
		{6B3A428C-DA57-495B-B0FA-C7D2E0D2E40B}.AppStore|x64.Deploy.0 = Debug|Any CPU
		{6B3A428C-DA57-495B-B0FA-C7D2E0D2E40B}.AppStore|x86.ActiveCfg = Debug|Any CPU
		{6B3A428C-DA57-495B-B0FA-C7D2E0D2E40B}.AppStore|x86.Build.0 = Debug|Any CPU
		{6B3A428C-DA57-495B-B0FA-C7D2E0D2E40B}.AppStore|x86.Deploy.0 = Debug|Any CPU
		{6B3A428C-DA57-495B-B0FA-C7D2E0D2E40B}.Debug|Any CPU.ActiveCfg = Debug|Any CPU
		{6B3A428C-DA57-495B-B0FA-C7D2E0D2E40B}.Debug|Any CPU.Build.0 = Debug|Any CPU
		{6B3A428C-DA57-495B-B0FA-C7D2E0D2E40B}.Debug|Any CPU.Deploy.0 = Debug|Any CPU
		{6B3A428C-DA57-495B-B0FA-C7D2E0D2E40B}.Debug|ARM.ActiveCfg = Debug|Any CPU
		{6B3A428C-DA57-495B-B0FA-C7D2E0D2E40B}.Debug|ARM.Build.0 = Debug|Any CPU
		{6B3A428C-DA57-495B-B0FA-C7D2E0D2E40B}.Debug|ARM.Deploy.0 = Debug|Any CPU
		{6B3A428C-DA57-495B-B0FA-C7D2E0D2E40B}.Debug|iPhone.ActiveCfg = Debug|Any CPU
		{6B3A428C-DA57-495B-B0FA-C7D2E0D2E40B}.Debug|iPhone.Build.0 = Debug|Any CPU
		{6B3A428C-DA57-495B-B0FA-C7D2E0D2E40B}.Debug|iPhone.Deploy.0 = Debug|Any CPU
		{6B3A428C-DA57-495B-B0FA-C7D2E0D2E40B}.Debug|iPhoneSimulator.ActiveCfg = Debug|Any CPU
		{6B3A428C-DA57-495B-B0FA-C7D2E0D2E40B}.Debug|iPhoneSimulator.Build.0 = Debug|Any CPU
		{6B3A428C-DA57-495B-B0FA-C7D2E0D2E40B}.Debug|iPhoneSimulator.Deploy.0 = Debug|Any CPU
		{6B3A428C-DA57-495B-B0FA-C7D2E0D2E40B}.Debug|x64.ActiveCfg = Debug|Any CPU
		{6B3A428C-DA57-495B-B0FA-C7D2E0D2E40B}.Debug|x64.Build.0 = Debug|Any CPU
		{6B3A428C-DA57-495B-B0FA-C7D2E0D2E40B}.Debug|x64.Deploy.0 = Debug|Any CPU
		{6B3A428C-DA57-495B-B0FA-C7D2E0D2E40B}.Debug|x86.ActiveCfg = Debug|Any CPU
		{6B3A428C-DA57-495B-B0FA-C7D2E0D2E40B}.Debug|x86.Build.0 = Debug|Any CPU
		{6B3A428C-DA57-495B-B0FA-C7D2E0D2E40B}.Debug|x86.Deploy.0 = Debug|Any CPU
		{6B3A428C-DA57-495B-B0FA-C7D2E0D2E40B}.Release|Any CPU.ActiveCfg = Release|Any CPU
		{6B3A428C-DA57-495B-B0FA-C7D2E0D2E40B}.Release|Any CPU.Build.0 = Release|Any CPU
		{6B3A428C-DA57-495B-B0FA-C7D2E0D2E40B}.Release|Any CPU.Deploy.0 = Release|Any CPU
		{6B3A428C-DA57-495B-B0FA-C7D2E0D2E40B}.Release|ARM.ActiveCfg = Release|Any CPU
		{6B3A428C-DA57-495B-B0FA-C7D2E0D2E40B}.Release|ARM.Build.0 = Release|Any CPU
		{6B3A428C-DA57-495B-B0FA-C7D2E0D2E40B}.Release|ARM.Deploy.0 = Release|Any CPU
		{6B3A428C-DA57-495B-B0FA-C7D2E0D2E40B}.Release|iPhone.ActiveCfg = Release|Any CPU
		{6B3A428C-DA57-495B-B0FA-C7D2E0D2E40B}.Release|iPhone.Build.0 = Release|Any CPU
		{6B3A428C-DA57-495B-B0FA-C7D2E0D2E40B}.Release|iPhone.Deploy.0 = Release|Any CPU
		{6B3A428C-DA57-495B-B0FA-C7D2E0D2E40B}.Release|iPhoneSimulator.ActiveCfg = Release|Any CPU
		{6B3A428C-DA57-495B-B0FA-C7D2E0D2E40B}.Release|iPhoneSimulator.Build.0 = Release|Any CPU
		{6B3A428C-DA57-495B-B0FA-C7D2E0D2E40B}.Release|iPhoneSimulator.Deploy.0 = Release|Any CPU
		{6B3A428C-DA57-495B-B0FA-C7D2E0D2E40B}.Release|x64.ActiveCfg = Release|Any CPU
		{6B3A428C-DA57-495B-B0FA-C7D2E0D2E40B}.Release|x64.Build.0 = Release|Any CPU
		{6B3A428C-DA57-495B-B0FA-C7D2E0D2E40B}.Release|x64.Deploy.0 = Release|Any CPU
		{6B3A428C-DA57-495B-B0FA-C7D2E0D2E40B}.Release|x86.ActiveCfg = Release|Any CPU
		{6B3A428C-DA57-495B-B0FA-C7D2E0D2E40B}.Release|x86.Build.0 = Release|Any CPU
		{6B3A428C-DA57-495B-B0FA-C7D2E0D2E40B}.Release|x86.Deploy.0 = Release|Any CPU
	EndGlobalSection
	GlobalSection(SolutionProperties) = preSolution
		HideSolutionNode = FALSE
	EndGlobalSection
	GlobalSection(ExtensibilityGlobals) = postSolution
		SolutionGuid = {986EEE6A-CA81-48A4-BA05-720EFF7AB9A1}
	EndGlobalSection
EndGlobal
